
Microsoft Visual Studio Solution File, Format Version 12.00
# Visual Studio 15
VisualStudioVersion = 15.0.28307.168
MinimumVisualStudioVersion = 10.0.40219.1
Project("{151D2E53-A2C4-4D7D-83FE-D05416EBD58E}") = "CosmosDbBackup", "CosmosDbBackup\CosmosDbBackup.deployproj", "{8729EE2D-75DE-4203-B0BF-4F93B483B9FC}"
EndProject
Global
	GlobalSection(SolutionConfigurationPlatforms) = preSolution
		Debug|Any CPU = Debug|Any CPU
		Release|Any CPU = Release|Any CPU
	EndGlobalSection
	GlobalSection(ProjectConfigurationPlatforms) = postSolution
		{8729EE2D-75DE-4203-B0BF-4F93B483B9FC}.Debug|Any CPU.ActiveCfg = Debug|Any CPU
		{8729EE2D-75DE-4203-B0BF-4F93B483B9FC}.Debug|Any CPU.Build.0 = Debug|Any CPU
		{8729EE2D-75DE-4203-B0BF-4F93B483B9FC}.Release|Any CPU.ActiveCfg = Release|Any CPU
		{8729EE2D-75DE-4203-B0BF-4F93B483B9FC}.Release|Any CPU.Build.0 = Release|Any CPU
	EndGlobalSection
	GlobalSection(SolutionProperties) = preSolution
		HideSolutionNode = FALSE
	EndGlobalSection
	GlobalSection(ExtensibilityGlobals) = postSolution
		SolutionGuid = {2F1BE372-8787-4907-B726-EFBFFAEDC07F}
	EndGlobalSection
EndGlobal
